// !$*UTF8*$!
{
	archiveVersion = 1;
	classes = {
	};
	objectVersion = 54;
	objects = {

/* Begin PBXBuildFile section */
		04348765A4B4B96A22BBC1A5 /* Pods_DQX_Blacksmith.framework in Frameworks */ = {isa = PBXBuildFile; fileRef = EA7C49B9CB67F05FF6837935 /* Pods_DQX_Blacksmith.framework */; };
		A424BD8E259B707000EA0757 /* NavigationController.swift in Sources */ = {isa = PBXBuildFile; fileRef = A424BD8D259B707000EA0757 /* NavigationController.swift */; };
		A424BD91259B755C00EA0757 /* ProductViewController.swift in Sources */ = {isa = PBXBuildFile; fileRef = A424BD90259B755C00EA0757 /* ProductViewController.swift */; };
		A424BDA1259D08F700EA0757 /* CustomSummaryViewController.swift in Sources */ = {isa = PBXBuildFile; fileRef = A424BDA0259D08F700EA0757 /* CustomSummaryViewController.swift */; };
		A42700AA25BE6A5C00C9DE17 /* SettingRateViewController.swift in Sources */ = {isa = PBXBuildFile; fileRef = A42700A925BE6A5C00C9DE17 /* SettingRateViewController.swift */; };
		A42700AD25BE6A8500C9DE17 /* SettingTimeViewController.swift in Sources */ = {isa = PBXBuildFile; fileRef = A42700AC25BE6A8500C9DE17 /* SettingTimeViewController.swift */; };
		A42723CD25983BB300AA689B /* Const.swift in Sources */ = {isa = PBXBuildFile; fileRef = A42723CC25983BB300AA689B /* Const.swift */; };
		A42CC2E425C828D10011E6CB /* SectionLabel.swift in Sources */ = {isa = PBXBuildFile; fileRef = A42CC2E325C828D10011E6CB /* SectionLabel.swift */; };
		A43542CA25CDAEF50023212F /* SkillButton.swift in Sources */ = {isa = PBXBuildFile; fileRef = A43542C925CDAEF50023212F /* SkillButton.swift */; };
		A44FCF0C259DB530009D186F /* CommonViewController.swift in Sources */ = {isa = PBXBuildFile; fileRef = A44FCF0B259DB530009D186F /* CommonViewController.swift */; };
		A44FCF10259DC117009D186F /* CustomDetailViewController.swift in Sources */ = {isa = PBXBuildFile; fileRef = A44FCF0F259DC117009D186F /* CustomDetailViewController.swift */; };
		A44FCF14259DCA7B009D186F /* SettingViewController.swift in Sources */ = {isa = PBXBuildFile; fileRef = A44FCF13259DCA7B009D186F /* SettingViewController.swift */; };
		A44FCF1A259DCC29009D186F /* CommonMaterialViewController.swift in Sources */ = {isa = PBXBuildFile; fileRef = A44FCF19259DCC29009D186F /* CommonMaterialViewController.swift */; };
		A44FCF21259DCC64009D186F /* MaterialSummaryViewController.swift in Sources */ = {isa = PBXBuildFile; fileRef = A44FCF20259DCC64009D186F /* MaterialSummaryViewController.swift */; };
		A44FCF24259DCC74009D186F /* MaterialTwitterViewController.swift in Sources */ = {isa = PBXBuildFile; fileRef = A44FCF23259DCC74009D186F /* MaterialTwitterViewController.swift */; };
		A44FCF27259DCC83009D186F /* MaterialBoardViewController.swift in Sources */ = {isa = PBXBuildFile; fileRef = A44FCF26259DCC83009D186F /* MaterialBoardViewController.swift */; };
		A44FCF2A259DCC9C009D186F /* ProductInfoViewController.swift in Sources */ = {isa = PBXBuildFile; fileRef = A44FCF29259DCC9C009D186F /* ProductInfoViewController.swift */; };
		A44FCF2D259DCCDD009D186F /* PracticeViewController.swift in Sources */ = {isa = PBXBuildFile; fileRef = A44FCF2C259DCCDD009D186F /* PracticeViewController.swift */; };
		A44FCF30259DCCEA009D186F /* RealViewController.swift in Sources */ = {isa = PBXBuildFile; fileRef = A44FCF2F259DCCEA009D186F /* RealViewController.swift */; };
		A44FCF3F259E0986009D186F /* SelectItemButton.swift in Sources */ = {isa = PBXBuildFile; fileRef = A44FCF3E259E0986009D186F /* SelectItemButton.swift */; };
		A44FCF44259E2A41009D186F /* PushButton.swift in Sources */ = {isa = PBXBuildFile; fileRef = A44FCF43259E2A40009D186F /* PushButton.swift */; };
		A44FCF4B259E3B6A009D186F /* TitleLabel.swift in Sources */ = {isa = PBXBuildFile; fileRef = A44FCF4A259E3B6A009D186F /* TitleLabel.swift */; };
		A490F8EC25B498C900F0EFF6 /* SettingProductViewController.swift in Sources */ = {isa = PBXBuildFile; fileRef = A490F8EB25B498C900F0EFF6 /* SettingProductViewController.swift */; };
		A490F8EF25B4A07200F0EFF6 /* SettingProductTableView.swift in Sources */ = {isa = PBXBuildFile; fileRef = A490F8EE25B4A07200F0EFF6 /* SettingProductTableView.swift */; };
		A494A06125C516EB0084D99A /* CommonTableView.swift in Sources */ = {isa = PBXBuildFile; fileRef = A494A06025C516EB0084D99A /* CommonTableView.swift */; };
		A494A17225C5A4340084D99A /* R.generated.swift in Sources */ = {isa = PBXBuildFile; fileRef = A494A17125C5A4340084D99A /* R.generated.swift */; };
		A49652FD259ECAA0004F210A /* SubButton.swift in Sources */ = {isa = PBXBuildFile; fileRef = A49652FC259ECAA0004F210A /* SubButton.swift */; };
		A4965301259ED895004F210A /* DesignedTextField.swift in Sources */ = {isa = PBXBuildFile; fileRef = A4965300259ED895004F210A /* DesignedTextField.swift */; };
		A496530D259EDFA3004F210A /* RoundBorderView.swift in Sources */ = {isa = PBXBuildFile; fileRef = A496530C259EDFA3004F210A /* RoundBorderView.swift */; };
		A496532425A09967004F210A /* Gauge.swift in Sources */ = {isa = PBXBuildFile; fileRef = A496532325A09967004F210A /* Gauge.swift */; };
		A496532725A09A6F004F210A /* StandardValueLabel.swift in Sources */ = {isa = PBXBuildFile; fileRef = A496532625A09A6F004F210A /* StandardValueLabel.swift */; };
		A496533625A1BA8F004F210A /* CustomProductCollectionViewCell.swift in Sources */ = {isa = PBXBuildFile; fileRef = A496533425A1BA8F004F210A /* CustomProductCollectionViewCell.swift */; };
		A496533725A1BA8F004F210A /* CustomProductCollectionViewCell.xib in Resources */ = {isa = PBXBuildFile; fileRef = A496533525A1BA8F004F210A /* CustomProductCollectionViewCell.xib */; };
		A496533C25A2552E004F210A /* TabBarController.swift in Sources */ = {isa = PBXBuildFile; fileRef = A496533B25A2552D004F210A /* TabBarController.swift */; };
		A4BC2E5825EB5C1000F77FFC /* Settings.bundle in Resources */ = {isa = PBXBuildFile; fileRef = A4BC2E5725EB5C1000F77FFC /* Settings.bundle */; };
		A4FFD6C72597553C00D138C0 /* AppDelegate.swift in Sources */ = {isa = PBXBuildFile; fileRef = A4FFD6C62597553C00D138C0 /* AppDelegate.swift */; };
		A4FFD6C92597553C00D138C0 /* SceneDelegate.swift in Sources */ = {isa = PBXBuildFile; fileRef = A4FFD6C82597553C00D138C0 /* SceneDelegate.swift */; };
		A4FFD6CB2597553C00D138C0 /* HomeViewController.swift in Sources */ = {isa = PBXBuildFile; fileRef = A4FFD6CA2597553C00D138C0 /* HomeViewController.swift */; };
		A4FFD6CE2597553C00D138C0 /* Main.storyboard in Resources */ = {isa = PBXBuildFile; fileRef = A4FFD6CC2597553C00D138C0 /* Main.storyboard */; };
		A4FFD6D02597553C00D138C0 /* Assets.xcassets in Resources */ = {isa = PBXBuildFile; fileRef = A4FFD6CF2597553C00D138C0 /* Assets.xcassets */; };
		A4FFD6D32597553C00D138C0 /* LaunchScreen.storyboard in Resources */ = {isa = PBXBuildFile; fileRef = A4FFD6D12597553C00D138C0 /* LaunchScreen.storyboard */; };
		A4FFD6DC259758A800D138C0 /* GoogleService-Info.plist in Resources */ = {isa = PBXBuildFile; fileRef = A4FFD6DB259758A800D138C0 /* GoogleService-Info.plist */; };
		A4FFD73F2597637F00D138C0 /* Product.swift in Sources */ = {isa = PBXBuildFile; fileRef = A4FFD73E2597637F00D138C0 /* Product.swift */; };
		A4FFD75925978A8A00D138C0 /* CustomProduct.swift in Sources */ = {isa = PBXBuildFile; fileRef = A4FFD75825978A8A00D138C0 /* CustomProduct.swift */; };
		A4FFD75C25978B7400D138C0 /* Level.swift in Sources */ = {isa = PBXBuildFile; fileRef = A4FFD75B25978B7400D138C0 /* Level.swift */; };
		A4FFD7622597970000D138C0 /* Material.swift in Sources */ = {isa = PBXBuildFile; fileRef = A4FFD7612597970000D138C0 /* Material.swift */; };
		A4FFD765259797EC00D138C0 /* MaterialBookmark.swift in Sources */ = {isa = PBXBuildFile; fileRef = A4FFD764259797EC00D138C0 /* MaterialBookmark.swift */; };
		A4FFD769259798F700D138C0 /* Tool.swift in Sources */ = {isa = PBXBuildFile; fileRef = A4FFD768259798F700D138C0 /* Tool.swift */; };
		A4FFD76C2597A02B00D138C0 /* Category.swift in Sources */ = {isa = PBXBuildFile; fileRef = A4FFD76B2597A02B00D138C0 /* Category.swift */; };
		A4FFD76F2597A50E00D138C0 /* Blacksmith.swift in Sources */ = {isa = PBXBuildFile; fileRef = A4FFD76E2597A50E00D138C0 /* Blacksmith.swift */; };
/* End PBXBuildFile section */

/* Begin PBXFileReference section */
		168744AB44959BF9AE1D3190 /* Pods-DQX-Blacksmith.release.xcconfig */ = {isa = PBXFileReference; includeInIndex = 1; lastKnownFileType = text.xcconfig; name = "Pods-DQX-Blacksmith.release.xcconfig"; path = "Target Support Files/Pods-DQX-Blacksmith/Pods-DQX-Blacksmith.release.xcconfig"; sourceTree = "<group>"; };
		8AC3C04C2AEAF11C27A148CB /* Pods-DQX-Blacksmith.debug.xcconfig */ = {isa = PBXFileReference; includeInIndex = 1; lastKnownFileType = text.xcconfig; name = "Pods-DQX-Blacksmith.debug.xcconfig"; path = "Target Support Files/Pods-DQX-Blacksmith/Pods-DQX-Blacksmith.debug.xcconfig"; sourceTree = "<group>"; };
		A424BD8D259B707000EA0757 /* NavigationController.swift */ = {isa = PBXFileReference; lastKnownFileType = sourcecode.swift; path = NavigationController.swift; sourceTree = "<group>"; };
		A424BD90259B755C00EA0757 /* ProductViewController.swift */ = {isa = PBXFileReference; lastKnownFileType = sourcecode.swift; path = ProductViewController.swift; sourceTree = "<group>"; };
		A424BDA0259D08F700EA0757 /* CustomSummaryViewController.swift */ = {isa = PBXFileReference; lastKnownFileType = sourcecode.swift; path = CustomSummaryViewController.swift; sourceTree = "<group>"; };
		A42700A925BE6A5C00C9DE17 /* SettingRateViewController.swift */ = {isa = PBXFileReference; lastKnownFileType = sourcecode.swift; path = SettingRateViewController.swift; sourceTree = "<group>"; };
		A42700AC25BE6A8500C9DE17 /* SettingTimeViewController.swift */ = {isa = PBXFileReference; lastKnownFileType = sourcecode.swift; path = SettingTimeViewController.swift; sourceTree = "<group>"; };
		A42723CC25983BB300AA689B /* Const.swift */ = {isa = PBXFileReference; lastKnownFileType = sourcecode.swift; path = Const.swift; sourceTree = "<group>"; };
		A42723E825988D5A00AA689B /* DQX-Blacksmith-Bridging-Header.h */ = {isa = PBXFileReference; lastKnownFileType = sourcecode.c.h; path = "DQX-Blacksmith-Bridging-Header.h"; sourceTree = "<group>"; };
		A42CC2E325C828D10011E6CB /* SectionLabel.swift */ = {isa = PBXFileReference; lastKnownFileType = sourcecode.swift; path = SectionLabel.swift; sourceTree = "<group>"; };
		A43542C925CDAEF50023212F /* SkillButton.swift */ = {isa = PBXFileReference; lastKnownFileType = sourcecode.swift; path = SkillButton.swift; sourceTree = "<group>"; };
		A44FCF0B259DB530009D186F /* CommonViewController.swift */ = {isa = PBXFileReference; lastKnownFileType = sourcecode.swift; path = CommonViewController.swift; sourceTree = "<group>"; };
		A44FCF0F259DC117009D186F /* CustomDetailViewController.swift */ = {isa = PBXFileReference; lastKnownFileType = sourcecode.swift; path = CustomDetailViewController.swift; sourceTree = "<group>"; };
		A44FCF13259DCA7B009D186F /* SettingViewController.swift */ = {isa = PBXFileReference; lastKnownFileType = sourcecode.swift; path = SettingViewController.swift; sourceTree = "<group>"; };
		A44FCF19259DCC29009D186F /* CommonMaterialViewController.swift */ = {isa = PBXFileReference; lastKnownFileType = sourcecode.swift; path = CommonMaterialViewController.swift; sourceTree = "<group>"; };
		A44FCF20259DCC64009D186F /* MaterialSummaryViewController.swift */ = {isa = PBXFileReference; lastKnownFileType = sourcecode.swift; path = MaterialSummaryViewController.swift; sourceTree = "<group>"; };
		A44FCF23259DCC74009D186F /* MaterialTwitterViewController.swift */ = {isa = PBXFileReference; lastKnownFileType = sourcecode.swift; path = MaterialTwitterViewController.swift; sourceTree = "<group>"; };
		A44FCF26259DCC83009D186F /* MaterialBoardViewController.swift */ = {isa = PBXFileReference; lastKnownFileType = sourcecode.swift; path = MaterialBoardViewController.swift; sourceTree = "<group>"; };
		A44FCF29259DCC9C009D186F /* ProductInfoViewController.swift */ = {isa = PBXFileReference; lastKnownFileType = sourcecode.swift; path = ProductInfoViewController.swift; sourceTree = "<group>"; };
		A44FCF2C259DCCDD009D186F /* PracticeViewController.swift */ = {isa = PBXFileReference; lastKnownFileType = sourcecode.swift; path = PracticeViewController.swift; sourceTree = "<group>"; };
		A44FCF2F259DCCEA009D186F /* RealViewController.swift */ = {isa = PBXFileReference; lastKnownFileType = sourcecode.swift; path = RealViewController.swift; sourceTree = "<group>"; };
		A44FCF3E259E0986009D186F /* SelectItemButton.swift */ = {isa = PBXFileReference; lastKnownFileType = sourcecode.swift; path = SelectItemButton.swift; sourceTree = "<group>"; };
		A44FCF43259E2A40009D186F /* PushButton.swift */ = {isa = PBXFileReference; lastKnownFileType = sourcecode.swift; path = PushButton.swift; sourceTree = "<group>"; };
		A44FCF4A259E3B6A009D186F /* TitleLabel.swift */ = {isa = PBXFileReference; lastKnownFileType = sourcecode.swift; path = TitleLabel.swift; sourceTree = "<group>"; };
		A490F8EB25B498C900F0EFF6 /* SettingProductViewController.swift */ = {isa = PBXFileReference; lastKnownFileType = sourcecode.swift; path = SettingProductViewController.swift; sourceTree = "<group>"; };
		A490F8EE25B4A07200F0EFF6 /* SettingProductTableView.swift */ = {isa = PBXFileReference; lastKnownFileType = sourcecode.swift; path = SettingProductTableView.swift; sourceTree = "<group>"; };
		A494A06025C516EB0084D99A /* CommonTableView.swift */ = {isa = PBXFileReference; lastKnownFileType = sourcecode.swift; path = CommonTableView.swift; sourceTree = "<group>"; };
		A494A17125C5A4340084D99A /* R.generated.swift */ = {isa = PBXFileReference; fileEncoding = 4; lastKnownFileType = sourcecode.swift; path = R.generated.swift; sourceTree = "<group>"; };
		A49652FC259ECAA0004F210A /* SubButton.swift */ = {isa = PBXFileReference; lastKnownFileType = sourcecode.swift; path = SubButton.swift; sourceTree = "<group>"; };
		A4965300259ED895004F210A /* DesignedTextField.swift */ = {isa = PBXFileReference; lastKnownFileType = sourcecode.swift; path = DesignedTextField.swift; sourceTree = "<group>"; };
		A496530C259EDFA3004F210A /* RoundBorderView.swift */ = {isa = PBXFileReference; lastKnownFileType = sourcecode.swift; path = RoundBorderView.swift; sourceTree = "<group>"; };
		A496532325A09967004F210A /* Gauge.swift */ = {isa = PBXFileReference; lastKnownFileType = sourcecode.swift; path = Gauge.swift; sourceTree = "<group>"; };
		A496532625A09A6F004F210A /* StandardValueLabel.swift */ = {isa = PBXFileReference; lastKnownFileType = sourcecode.swift; path = StandardValueLabel.swift; sourceTree = "<group>"; };
		A496533425A1BA8F004F210A /* CustomProductCollectionViewCell.swift */ = {isa = PBXFileReference; lastKnownFileType = sourcecode.swift; path = CustomProductCollectionViewCell.swift; sourceTree = "<group>"; };
		A496533525A1BA8F004F210A /* CustomProductCollectionViewCell.xib */ = {isa = PBXFileReference; lastKnownFileType = file.xib; path = CustomProductCollectionViewCell.xib; sourceTree = "<group>"; };
		A496533B25A2552D004F210A /* TabBarController.swift */ = {isa = PBXFileReference; lastKnownFileType = sourcecode.swift; path = TabBarController.swift; sourceTree = "<group>"; };
		A4BC2E5725EB5C1000F77FFC /* Settings.bundle */ = {isa = PBXFileReference; lastKnownFileType = "wrapper.plug-in"; path = Settings.bundle; sourceTree = "<group>"; };
		A4FFD6C32597553C00D138C0 /* DQX-Blacksmith.app */ = {isa = PBXFileReference; explicitFileType = wrapper.application; includeInIndex = 0; path = "DQX-Blacksmith.app"; sourceTree = BUILT_PRODUCTS_DIR; };
		A4FFD6C62597553C00D138C0 /* AppDelegate.swift */ = {isa = PBXFileReference; lastKnownFileType = sourcecode.swift; path = AppDelegate.swift; sourceTree = "<group>"; };
		A4FFD6C82597553C00D138C0 /* SceneDelegate.swift */ = {isa = PBXFileReference; lastKnownFileType = sourcecode.swift; path = SceneDelegate.swift; sourceTree = "<group>"; };
		A4FFD6CA2597553C00D138C0 /* HomeViewController.swift */ = {isa = PBXFileReference; lastKnownFileType = sourcecode.swift; path = HomeViewController.swift; sourceTree = "<group>"; };
		A4FFD6CD2597553C00D138C0 /* Base */ = {isa = PBXFileReference; lastKnownFileType = file.storyboard; name = Base; path = Base.lproj/Main.storyboard; sourceTree = "<group>"; };
		A4FFD6CF2597553C00D138C0 /* Assets.xcassets */ = {isa = PBXFileReference; lastKnownFileType = folder.assetcatalog; path = Assets.xcassets; sourceTree = "<group>"; };
		A4FFD6D22597553C00D138C0 /* Base */ = {isa = PBXFileReference; lastKnownFileType = file.storyboard; name = Base; path = Base.lproj/LaunchScreen.storyboard; sourceTree = "<group>"; };
		A4FFD6D42597553C00D138C0 /* Info.plist */ = {isa = PBXFileReference; lastKnownFileType = text.plist.xml; path = Info.plist; sourceTree = "<group>"; };
		A4FFD6DB259758A800D138C0 /* GoogleService-Info.plist */ = {isa = PBXFileReference; fileEncoding = 4; lastKnownFileType = text.plist.xml; path = "GoogleService-Info.plist"; sourceTree = "<group>"; };
		A4FFD73E2597637F00D138C0 /* Product.swift */ = {isa = PBXFileReference; lastKnownFileType = sourcecode.swift; path = Product.swift; sourceTree = "<group>"; };
		A4FFD75825978A8A00D138C0 /* CustomProduct.swift */ = {isa = PBXFileReference; lastKnownFileType = sourcecode.swift; path = CustomProduct.swift; sourceTree = "<group>"; };
		A4FFD75B25978B7400D138C0 /* Level.swift */ = {isa = PBXFileReference; lastKnownFileType = sourcecode.swift; path = Level.swift; sourceTree = "<group>"; };
		A4FFD7612597970000D138C0 /* Material.swift */ = {isa = PBXFileReference; lastKnownFileType = sourcecode.swift; path = Material.swift; sourceTree = "<group>"; };
		A4FFD764259797EC00D138C0 /* MaterialBookmark.swift */ = {isa = PBXFileReference; lastKnownFileType = sourcecode.swift; path = MaterialBookmark.swift; sourceTree = "<group>"; };
		A4FFD768259798F700D138C0 /* Tool.swift */ = {isa = PBXFileReference; lastKnownFileType = sourcecode.swift; path = Tool.swift; sourceTree = "<group>"; };
		A4FFD76B2597A02B00D138C0 /* Category.swift */ = {isa = PBXFileReference; lastKnownFileType = sourcecode.swift; path = Category.swift; sourceTree = "<group>"; };
		A4FFD76E2597A50E00D138C0 /* Blacksmith.swift */ = {isa = PBXFileReference; lastKnownFileType = sourcecode.swift; path = Blacksmith.swift; sourceTree = "<group>"; };
		EA7C49B9CB67F05FF6837935 /* Pods_DQX_Blacksmith.framework */ = {isa = PBXFileReference; explicitFileType = wrapper.framework; includeInIndex = 0; path = Pods_DQX_Blacksmith.framework; sourceTree = BUILT_PRODUCTS_DIR; };
/* End PBXFileReference section */

/* Begin PBXFrameworksBuildPhase section */
		A4FFD6C02597553C00D138C0 /* Frameworks */ = {
			isa = PBXFrameworksBuildPhase;
			buildActionMask = 2147483647;
			files = (
				04348765A4B4B96A22BBC1A5 /* Pods_DQX_Blacksmith.framework in Frameworks */,
			);
			runOnlyForDeploymentPostprocessing = 0;
		};
/* End PBXFrameworksBuildPhase section */

/* Begin PBXGroup section */
		3F6DC1D3B4CEE7AC02E65E1A /* Frameworks */ = {
			isa = PBXGroup;
			children = (
				EA7C49B9CB67F05FF6837935 /* Pods_DQX_Blacksmith.framework */,
			);
			name = Frameworks;
			sourceTree = "<group>";
		};
		9209E1F88C8A8BCDDDF0A3DA /* Pods */ = {
			isa = PBXGroup;
			children = (
				8AC3C04C2AEAF11C27A148CB /* Pods-DQX-Blacksmith.debug.xcconfig */,
				168744AB44959BF9AE1D3190 /* Pods-DQX-Blacksmith.release.xcconfig */,
			);
			path = Pods;
			sourceTree = "<group>";
		};
		A44FCF37259DCEAC009D186F /* RealmData */ = {
			isa = PBXGroup;
			children = (
				A4FFD73E2597637F00D138C0 /* Product.swift */,
				A4FFD75825978A8A00D138C0 /* CustomProduct.swift */,
				A4FFD75B25978B7400D138C0 /* Level.swift */,
				A4FFD7612597970000D138C0 /* Material.swift */,
				A4FFD764259797EC00D138C0 /* MaterialBookmark.swift */,
				A4FFD768259798F700D138C0 /* Tool.swift */,
				A4FFD76B2597A02B00D138C0 /* Category.swift */,
				A4FFD76E2597A50E00D138C0 /* Blacksmith.swift */,
			);
			path = RealmData;
			sourceTree = "<group>";
		};
		A44FCF38259DCEDB009D186F /* ViewControllers */ = {
			isa = PBXGroup;
			children = (
				A44FCF0B259DB530009D186F /* CommonViewController.swift */,
				A4FFD6CA2597553C00D138C0 /* HomeViewController.swift */,
				A424BD90259B755C00EA0757 /* ProductViewController.swift */,
				A490F8EB25B498C900F0EFF6 /* SettingProductViewController.swift */,
				A42700A925BE6A5C00C9DE17 /* SettingRateViewController.swift */,
				A42700AC25BE6A8500C9DE17 /* SettingTimeViewController.swift */,
				A44FCF29259DCC9C009D186F /* ProductInfoViewController.swift */,
				A44FCF2F259DCCEA009D186F /* RealViewController.swift */,
				A44FCF0F259DC117009D186F /* CustomDetailViewController.swift */,
				A424BDA0259D08F700EA0757 /* CustomSummaryViewController.swift */,
				A44FCF19259DCC29009D186F /* CommonMaterialViewController.swift */,
				A44FCF20259DCC64009D186F /* MaterialSummaryViewController.swift */,
				A44FCF23259DCC74009D186F /* MaterialTwitterViewController.swift */,
				A44FCF26259DCC83009D186F /* MaterialBoardViewController.swift */,
				A44FCF2C259DCCDD009D186F /* PracticeViewController.swift */,
				A44FCF13259DCA7B009D186F /* SettingViewController.swift */,
			);
			path = ViewControllers;
			sourceTree = "<group>";
		};
		A44FCF48259E3808009D186F /* Parts */ = {
			isa = PBXGroup;
			children = (
				A496532925A09CE7004F210A /* Button */,
				A496532A25A09CF8004F210A /* Label */,
				A496532B25A09D13004F210A /* Cell */,
				A496532C25A09D30004F210A /* Others */,
			);
			path = Parts;
			sourceTree = "<group>";
		};
		A4965304259ED9FB004F210A /* StoryBoards */ = {
			isa = PBXGroup;
			children = (
				A4FFD6CC2597553C00D138C0 /* Main.storyboard */,
				A496533525A1BA8F004F210A /* CustomProductCollectionViewCell.xib */,
				A4FFD6D12597553C00D138C0 /* LaunchScreen.storyboard */,
			);
			path = StoryBoards;
			sourceTree = "<group>";
		};
		A496532925A09CE7004F210A /* Button */ = {
			isa = PBXGroup;
			children = (
				A44FCF3E259E0986009D186F /* SelectItemButton.swift */,
				A44FCF43259E2A40009D186F /* PushButton.swift */,
				A43542C925CDAEF50023212F /* SkillButton.swift */,
				A49652FC259ECAA0004F210A /* SubButton.swift */,
			);
			path = Button;
			sourceTree = "<group>";
		};
		A496532A25A09CF8004F210A /* Label */ = {
			isa = PBXGroup;
			children = (
				A44FCF4A259E3B6A009D186F /* TitleLabel.swift */,
				A42CC2E325C828D10011E6CB /* SectionLabel.swift */,
				A496532625A09A6F004F210A /* StandardValueLabel.swift */,
			);
			path = Label;
			sourceTree = "<group>";
		};
		A496532B25A09D13004F210A /* Cell */ = {
			isa = PBXGroup;
			children = (
				A496533425A1BA8F004F210A /* CustomProductCollectionViewCell.swift */,
			);
			path = Cell;
			sourceTree = "<group>";
		};
		A496532C25A09D30004F210A /* Others */ = {
			isa = PBXGroup;
			children = (
				A496530C259EDFA3004F210A /* RoundBorderView.swift */,
				A490F8EE25B4A07200F0EFF6 /* SettingProductTableView.swift */,
				A494A06025C516EB0084D99A /* CommonTableView.swift */,
				A4965300259ED895004F210A /* DesignedTextField.swift */,
				A496532325A09967004F210A /* Gauge.swift */,
			);
			path = Others;
			sourceTree = "<group>";
		};
		A4FFD6BA2597553C00D138C0 = {
			isa = PBXGroup;
			children = (
				A4FFD6C52597553C00D138C0 /* DQX-Blacksmith */,
				A4FFD6C42597553C00D138C0 /* Products */,
				9209E1F88C8A8BCDDDF0A3DA /* Pods */,
				3F6DC1D3B4CEE7AC02E65E1A /* Frameworks */,
			);
			sourceTree = "<group>";
		};
		A4FFD6C42597553C00D138C0 /* Products */ = {
			isa = PBXGroup;
			children = (
				A4FFD6C32597553C00D138C0 /* DQX-Blacksmith.app */,
			);
			name = Products;
			sourceTree = "<group>";
		};
		A4FFD6C52597553C00D138C0 /* DQX-Blacksmith */ = {
			isa = PBXGroup;
			children = (
				A42723CC25983BB300AA689B /* Const.swift */,
				A4FFD6C62597553C00D138C0 /* AppDelegate.swift */,
				A4FFD6C82597553C00D138C0 /* SceneDelegate.swift */,
				A424BD8D259B707000EA0757 /* NavigationController.swift */,
				A496533B25A2552D004F210A /* TabBarController.swift */,
				A44FCF37259DCEAC009D186F /* RealmData */,
				A44FCF38259DCEDB009D186F /* ViewControllers */,
				A44FCF48259E3808009D186F /* Parts */,
				A4965304259ED9FB004F210A /* StoryBoards */,
				A4FFD6CF2597553C00D138C0 /* Assets.xcassets */,
				A4FFD6D42597553C00D138C0 /* Info.plist */,
				A4FFD6DB259758A800D138C0 /* GoogleService-Info.plist */,
				A42723E825988D5A00AA689B /* DQX-Blacksmith-Bridging-Header.h */,
				A494A17125C5A4340084D99A /* R.generated.swift */,
				A4BC2E5725EB5C1000F77FFC /* Settings.bundle */,
			);
			path = "DQX-Blacksmith";
			sourceTree = "<group>";
		};
/* End PBXGroup section */

/* Begin PBXNativeTarget section */
		A4FFD6C22597553C00D138C0 /* DQX-Blacksmith */ = {
			isa = PBXNativeTarget;
			buildConfigurationList = A4FFD6D72597553C00D138C0 /* Build configuration list for PBXNativeTarget "DQX-Blacksmith" */;
			buildPhases = (
				75B53E8A989D48EF4919419B /* [CP] Check Pods Manifest.lock */,
				A494A0E525C59B660084D99A /* ShellScript */,
				A4FFD6BF2597553C00D138C0 /* Sources */,
				A4FFD6C02597553C00D138C0 /* Frameworks */,
				A4FFD6C12597553C00D138C0 /* Resources */,
				CC631DB1B905F81B8C81C178 /* [CP] Embed Pods Frameworks */,
				A4BC2E5625EB5B8D00F77FFC /* ShellScript */,
			);
			buildRules = (
			);
			dependencies = (
			);
			name = "DQX-Blacksmith";
			productName = "DQX-Blacksmith";
			productReference = A4FFD6C32597553C00D138C0 /* DQX-Blacksmith.app */;
			productType = "com.apple.product-type.application";
		};
/* End PBXNativeTarget section */

/* Begin PBXProject section */
		A4FFD6BB2597553C00D138C0 /* Project object */ = {
			isa = PBXProject;
			attributes = {
				LastSwiftUpdateCheck = 1220;
				LastUpgradeCheck = 1220;
				TargetAttributes = {
					A4FFD6C22597553C00D138C0 = {
						CreatedOnToolsVersion = 12.2;
						LastSwiftMigration = 1220;
					};
				};
			};
			buildConfigurationList = A4FFD6BE2597553C00D138C0 /* Build configuration list for PBXProject "DQX-Blacksmith" */;
			compatibilityVersion = "Xcode 9.3";
			developmentRegion = en;
			hasScannedForEncodings = 0;
			knownRegions = (
				en,
				Base,
			);
			mainGroup = A4FFD6BA2597553C00D138C0;
			productRefGroup = A4FFD6C42597553C00D138C0 /* Products */;
			projectDirPath = "";
			projectRoot = "";
			targets = (
				A4FFD6C22597553C00D138C0 /* DQX-Blacksmith */,
			);
		};
/* End PBXProject section */

/* Begin PBXResourcesBuildPhase section */
		A4FFD6C12597553C00D138C0 /* Resources */ = {
			isa = PBXResourcesBuildPhase;
			buildActionMask = 2147483647;
			files = (
				A496533725A1BA8F004F210A /* CustomProductCollectionViewCell.xib in Resources */,
				A4FFD6D32597553C00D138C0 /* LaunchScreen.storyboard in Resources */,
				A4FFD6DC259758A800D138C0 /* GoogleService-Info.plist in Resources */,
				A4FFD6D02597553C00D138C0 /* Assets.xcassets in Resources */,
				A4BC2E5825EB5C1000F77FFC /* Settings.bundle in Resources */,
				A4FFD6CE2597553C00D138C0 /* Main.storyboard in Resources */,
			);
			runOnlyForDeploymentPostprocessing = 0;
		};
/* End PBXResourcesBuildPhase section */

/* Begin PBXShellScriptBuildPhase section */
		75B53E8A989D48EF4919419B /* [CP] Check Pods Manifest.lock */ = {
			isa = PBXShellScriptBuildPhase;
			buildActionMask = 2147483647;
			files = (
			);
			inputFileListPaths = (
			);
			inputPaths = (
				"${PODS_PODFILE_DIR_PATH}/Podfile.lock",
				"${PODS_ROOT}/Manifest.lock",
			);
			name = "[CP] Check Pods Manifest.lock";
			outputFileListPaths = (
			);
			outputPaths = (
				"$(DERIVED_FILE_DIR)/Pods-DQX-Blacksmith-checkManifestLockResult.txt",
			);
			runOnlyForDeploymentPostprocessing = 0;
			shellPath = /bin/sh;
			shellScript = "diff \"${PODS_PODFILE_DIR_PATH}/Podfile.lock\" \"${PODS_ROOT}/Manifest.lock\" > /dev/null\nif [ $? != 0 ] ; then\n    # print error to STDERR\n    echo \"error: The sandbox is not in sync with the Podfile.lock. Run 'pod install' or update your CocoaPods installation.\" >&2\n    exit 1\nfi\n# This output is used by Xcode 'outputs' to avoid re-running this script phase.\necho \"SUCCESS\" > \"${SCRIPT_OUTPUT_FILE_0}\"\n";
			showEnvVarsInLog = 0;
		};
		A494A0E525C59B660084D99A /* ShellScript */ = {
			isa = PBXShellScriptBuildPhase;
			alwaysOutOfDate = 1;
			buildActionMask = 2147483647;
			files = (
			);
			inputFileListPaths = (
			);
			inputPaths = (
				"$TEMP_DIR/rswift-lastrun",
			);
			outputFileListPaths = (
			);
			outputPaths = (
				$SRCROOT/$PROJECT_NAME/R.generated.swift,
			);
			runOnlyForDeploymentPostprocessing = 0;
			shellPath = /bin/sh;
			shellScript = "# Type a script or drag a script file from your workspace to insert its path.\n\"$PODS_ROOT/R.swift/rswift\" generate \"$SRCROOT/$PROJECT_NAME/R.generated.swift\"\n";
		};
		A4BC2E5625EB5B8D00F77FFC /* ShellScript */ = {
			isa = PBXShellScriptBuildPhase;
			alwaysOutOfDate = 1;
			buildActionMask = 2147483647;
			files = (
			);
			inputFileListPaths = (
			);
			inputPaths = (
			);
			outputFileListPaths = (
			);
			outputPaths = (
			);
			runOnlyForDeploymentPostprocessing = 0;
			shellPath = /bin/sh;
			shellScript = "# Type a script or drag a script file from your workspace to insert its path.\nif [ $CONFIGURATION = \"Debug\" ]; then\n    ${PODS_ROOT}/LicensePlist/license-plist --output-path $PRODUCT_NAME/Settings.bundle\nfi\n";
		};
		CC631DB1B905F81B8C81C178 /* [CP] Embed Pods Frameworks */ = {
			isa = PBXShellScriptBuildPhase;
			buildActionMask = 2147483647;
			files = (
			);
			inputFileListPaths = (
				"${PODS_ROOT}/Target Support Files/Pods-DQX-Blacksmith/Pods-DQX-Blacksmith-frameworks-${CONFIGURATION}-input-files.xcfilelist",
			);
			name = "[CP] Embed Pods Frameworks";
			outputFileListPaths = (
				"${PODS_ROOT}/Target Support Files/Pods-DQX-Blacksmith/Pods-DQX-Blacksmith-frameworks-${CONFIGURATION}-output-files.xcfilelist",
			);
			runOnlyForDeploymentPostprocessing = 0;
			shellPath = /bin/sh;
			shellScript = "\"${PODS_ROOT}/Target Support Files/Pods-DQX-Blacksmith/Pods-DQX-Blacksmith-frameworks.sh\"\n";
			showEnvVarsInLog = 0;
		};
/* End PBXShellScriptBuildPhase section */

/* Begin PBXSourcesBuildPhase section */
		A4FFD6BF2597553C00D138C0 /* Sources */ = {
			isa = PBXSourcesBuildPhase;
			buildActionMask = 2147483647;
			files = (
				A4FFD7622597970000D138C0 /* Material.swift in Sources */,
				A44FCF27259DCC83009D186F /* MaterialBoardViewController.swift in Sources */,
				A44FCF10259DC117009D186F /* CustomDetailViewController.swift in Sources */,
				A496532725A09A6F004F210A /* StandardValueLabel.swift in Sources */,
				A42CC2E425C828D10011E6CB /* SectionLabel.swift in Sources */,
				A44FCF2D259DCCDD009D186F /* PracticeViewController.swift in Sources */,
				A496533625A1BA8F004F210A /* CustomProductCollectionViewCell.swift in Sources */,
				A42700AA25BE6A5C00C9DE17 /* SettingRateViewController.swift in Sources */,
				A490F8EC25B498C900F0EFF6 /* SettingProductViewController.swift in Sources */,
				A44FCF30259DCCEA009D186F /* RealViewController.swift in Sources */,
				A4FFD75C25978B7400D138C0 /* Level.swift in Sources */,
				A496530D259EDFA3004F210A /* RoundBorderView.swift in Sources */,
				A424BD91259B755C00EA0757 /* ProductViewController.swift in Sources */,
				A44FCF2A259DCC9C009D186F /* ProductInfoViewController.swift in Sources */,
				A49652FD259ECAA0004F210A /* SubButton.swift in Sources */,
				A44FCF24259DCC74009D186F /* MaterialTwitterViewController.swift in Sources */,
				A44FCF4B259E3B6A009D186F /* TitleLabel.swift in Sources */,
				A4FFD769259798F700D138C0 /* Tool.swift in Sources */,
				A44FCF0C259DB530009D186F /* CommonViewController.swift in Sources */,
				A44FCF3F259E0986009D186F /* SelectItemButton.swift in Sources */,
				A44FCF1A259DCC29009D186F /* CommonMaterialViewController.swift in Sources */,
				A44FCF21259DCC64009D186F /* MaterialSummaryViewController.swift in Sources */,
				A43542CA25CDAEF50023212F /* SkillButton.swift in Sources */,
				A4965301259ED895004F210A /* DesignedTextField.swift in Sources */,
				A4FFD6CB2597553C00D138C0 /* HomeViewController.swift in Sources */,
				A424BD8E259B707000EA0757 /* NavigationController.swift in Sources */,
				A490F8EF25B4A07200F0EFF6 /* SettingProductTableView.swift in Sources */,
				A4FFD6C72597553C00D138C0 /* AppDelegate.swift in Sources */,
				A496533C25A2552E004F210A /* TabBarController.swift in Sources */,
				A496532425A09967004F210A /* Gauge.swift in Sources */,
				A494A17225C5A4340084D99A /* R.generated.swift in Sources */,
				A494A06125C516EB0084D99A /* CommonTableView.swift in Sources */,
				A44FCF44259E2A41009D186F /* PushButton.swift in Sources */,
				A4FFD75925978A8A00D138C0 /* CustomProduct.swift in Sources */,
				A4FFD6C92597553C00D138C0 /* SceneDelegate.swift in Sources */,
				A4FFD765259797EC00D138C0 /* MaterialBookmark.swift in Sources */,
				A4FFD76F2597A50E00D138C0 /* Blacksmith.swift in Sources */,
				A42700AD25BE6A8500C9DE17 /* SettingTimeViewController.swift in Sources */,
				A424BDA1259D08F700EA0757 /* CustomSummaryViewController.swift in Sources */,
				A4FFD73F2597637F00D138C0 /* Product.swift in Sources */,
				A44FCF14259DCA7B009D186F /* SettingViewController.swift in Sources */,
				A4FFD76C2597A02B00D138C0 /* Category.swift in Sources */,
				A42723CD25983BB300AA689B /* Const.swift in Sources */,
			);
			runOnlyForDeploymentPostprocessing = 0;
		};
/* End PBXSourcesBuildPhase section */

/* Begin PBXVariantGroup section */
		A4FFD6CC2597553C00D138C0 /* Main.storyboard */ = {
			isa = PBXVariantGroup;
			children = (
				A4FFD6CD2597553C00D138C0 /* Base */,
			);
			name = Main.storyboard;
			sourceTree = "<group>";
		};
		A4FFD6D12597553C00D138C0 /* LaunchScreen.storyboard */ = {
			isa = PBXVariantGroup;
			children = (
				A4FFD6D22597553C00D138C0 /* Base */,
			);
			name = LaunchScreen.storyboard;
			sourceTree = "<group>";
		};
/* End PBXVariantGroup section */

/* Begin XCBuildConfiguration section */
		A4FFD6D52597553C00D138C0 /* Debug */ = {
			isa = XCBuildConfiguration;
			buildSettings = {
				ALWAYS_SEARCH_USER_PATHS = NO;
				CLANG_ANALYZER_NONNULL = YES;
				CLANG_ANALYZER_NUMBER_OBJECT_CONVERSION = YES_AGGRESSIVE;
				CLANG_CXX_LANGUAGE_STANDARD = "gnu++14";
				CLANG_CXX_LIBRARY = "libc++";
				CLANG_ENABLE_MODULES = YES;
				CLANG_ENABLE_OBJC_ARC = YES;
				CLANG_ENABLE_OBJC_WEAK = YES;
				CLANG_WARN_BLOCK_CAPTURE_AUTORELEASING = YES;
				CLANG_WARN_BOOL_CONVERSION = YES;
				CLANG_WARN_COMMA = YES;
				CLANG_WARN_CONSTANT_CONVERSION = YES;
				CLANG_WARN_DEPRECATED_OBJC_IMPLEMENTATIONS = YES;
				CLANG_WARN_DIRECT_OBJC_ISA_USAGE = YES_ERROR;
				CLANG_WARN_DOCUMENTATION_COMMENTS = YES;
				CLANG_WARN_EMPTY_BODY = YES;
				CLANG_WARN_ENUM_CONVERSION = YES;
				CLANG_WARN_INFINITE_RECURSION = YES;
				CLANG_WARN_INT_CONVERSION = YES;
				CLANG_WARN_NON_LITERAL_NULL_CONVERSION = YES;
				CLANG_WARN_OBJC_IMPLICIT_RETAIN_SELF = YES;
				CLANG_WARN_OBJC_LITERAL_CONVERSION = YES;
				CLANG_WARN_OBJC_ROOT_CLASS = YES_ERROR;
				CLANG_WARN_QUOTED_INCLUDE_IN_FRAMEWORK_HEADER = YES;
				CLANG_WARN_RANGE_LOOP_ANALYSIS = YES;
				CLANG_WARN_STRICT_PROTOTYPES = YES;
				CLANG_WARN_SUSPICIOUS_MOVE = YES;
				CLANG_WARN_UNGUARDED_AVAILABILITY = YES_AGGRESSIVE;
				CLANG_WARN_UNREACHABLE_CODE = YES;
				CLANG_WARN__DUPLICATE_METHOD_MATCH = YES;
				COPY_PHASE_STRIP = NO;
				DEBUG_INFORMATION_FORMAT = dwarf;
				ENABLE_STRICT_OBJC_MSGSEND = YES;
				ENABLE_TESTABILITY = YES;
				"EXCLUDED_ARCHS[sdk=iphonesimulator*]" = arm64;
				GCC_C_LANGUAGE_STANDARD = gnu11;
				GCC_DYNAMIC_NO_PIC = NO;
				GCC_NO_COMMON_BLOCKS = YES;
				GCC_OPTIMIZATION_LEVEL = 0;
				GCC_PREPROCESSOR_DEFINITIONS = (
					"DEBUG=1",
					"$(inherited)",
				);
				GCC_WARN_64_TO_32_BIT_CONVERSION = YES;
				GCC_WARN_ABOUT_RETURN_TYPE = YES_ERROR;
				GCC_WARN_UNDECLARED_SELECTOR = YES;
				GCC_WARN_UNINITIALIZED_AUTOS = YES_AGGRESSIVE;
				GCC_WARN_UNUSED_FUNCTION = YES;
				GCC_WARN_UNUSED_VARIABLE = YES;
				IPHONEOS_DEPLOYMENT_TARGET = 14.2;
				MTL_ENABLE_DEBUG_INFO = INCLUDE_SOURCE;
				MTL_FAST_MATH = YES;
				ONLY_ACTIVE_ARCH = YES;
				SDKROOT = iphoneos;
				SWIFT_ACTIVE_COMPILATION_CONDITIONS = DEBUG;
				SWIFT_OPTIMIZATION_LEVEL = "-Onone";
			};
			name = Debug;
		};
		A4FFD6D62597553C00D138C0 /* Release */ = {
			isa = XCBuildConfiguration;
			buildSettings = {
				ALWAYS_SEARCH_USER_PATHS = NO;
				CLANG_ANALYZER_NONNULL = YES;
				CLANG_ANALYZER_NUMBER_OBJECT_CONVERSION = YES_AGGRESSIVE;
				CLANG_CXX_LANGUAGE_STANDARD = "gnu++14";
				CLANG_CXX_LIBRARY = "libc++";
				CLANG_ENABLE_MODULES = YES;
				CLANG_ENABLE_OBJC_ARC = YES;
				CLANG_ENABLE_OBJC_WEAK = YES;
				CLANG_WARN_BLOCK_CAPTURE_AUTORELEASING = YES;
				CLANG_WARN_BOOL_CONVERSION = YES;
				CLANG_WARN_COMMA = YES;
				CLANG_WARN_CONSTANT_CONVERSION = YES;
				CLANG_WARN_DEPRECATED_OBJC_IMPLEMENTATIONS = YES;
				CLANG_WARN_DIRECT_OBJC_ISA_USAGE = YES_ERROR;
				CLANG_WARN_DOCUMENTATION_COMMENTS = YES;
				CLANG_WARN_EMPTY_BODY = YES;
				CLANG_WARN_ENUM_CONVERSION = YES;
				CLANG_WARN_INFINITE_RECURSION = YES;
				CLANG_WARN_INT_CONVERSION = YES;
				CLANG_WARN_NON_LITERAL_NULL_CONVERSION = YES;
				CLANG_WARN_OBJC_IMPLICIT_RETAIN_SELF = YES;
				CLANG_WARN_OBJC_LITERAL_CONVERSION = YES;
				CLANG_WARN_OBJC_ROOT_CLASS = YES_ERROR;
				CLANG_WARN_QUOTED_INCLUDE_IN_FRAMEWORK_HEADER = YES;
				CLANG_WARN_RANGE_LOOP_ANALYSIS = YES;
				CLANG_WARN_STRICT_PROTOTYPES = YES;
				CLANG_WARN_SUSPICIOUS_MOVE = YES;
				CLANG_WARN_UNGUARDED_AVAILABILITY = YES_AGGRESSIVE;
				CLANG_WARN_UNREACHABLE_CODE = YES;
				CLANG_WARN__DUPLICATE_METHOD_MATCH = YES;
				COPY_PHASE_STRIP = NO;
				DEBUG_INFORMATION_FORMAT = "dwarf-with-dsym";
				ENABLE_NS_ASSERTIONS = NO;
				ENABLE_STRICT_OBJC_MSGSEND = YES;
				"EXCLUDED_ARCHS[sdk=iphonesimulator*]" = arm64;
				GCC_C_LANGUAGE_STANDARD = gnu11;
				GCC_NO_COMMON_BLOCKS = YES;
				GCC_WARN_64_TO_32_BIT_CONVERSION = YES;
				GCC_WARN_ABOUT_RETURN_TYPE = YES_ERROR;
				GCC_WARN_UNDECLARED_SELECTOR = YES;
				GCC_WARN_UNINITIALIZED_AUTOS = YES_AGGRESSIVE;
				GCC_WARN_UNUSED_FUNCTION = YES;
				GCC_WARN_UNUSED_VARIABLE = YES;
				IPHONEOS_DEPLOYMENT_TARGET = 14.2;
				MTL_ENABLE_DEBUG_INFO = NO;
				MTL_FAST_MATH = YES;
				SDKROOT = iphoneos;
				SWIFT_COMPILATION_MODE = wholemodule;
				SWIFT_OPTIMIZATION_LEVEL = "-O";
				VALIDATE_PRODUCT = YES;
			};
			name = Release;
		};
		A4FFD6D82597553C00D138C0 /* Debug */ = {
			isa = XCBuildConfiguration;
			baseConfigurationReference = 8AC3C04C2AEAF11C27A148CB /* Pods-DQX-Blacksmith.debug.xcconfig */;
			buildSettings = {
				ASSETCATALOG_COMPILER_APPICON_NAME = AppIcon;
				ASSETCATALOG_COMPILER_GLOBAL_ACCENT_COLOR_NAME = AccentColor;
				CLANG_ENABLE_MODULES = YES;
				CODE_SIGN_STYLE = Automatic;
				CURRENT_PROJECT_VERSION = 1.0.1;
				DEVELOPMENT_TEAM = Z36HZ8PUCD;
				"EXCLUDED_ARCHS[sdk=iphonesimulator*]" = arm64;
				INFOPLIST_FILE = "DQX-Blacksmith/Info.plist";
				IPHONEOS_DEPLOYMENT_TARGET = 13.5;
				LD_RUNPATH_SEARCH_PATHS = (
					"$(inherited)",
					"@executable_path/Frameworks",
				);
				PRODUCT_BUNDLE_IDENTIFIER = "jp.techacademy.msglover46.DQX-Blacksmith";
				PRODUCT_NAME = "$(TARGET_NAME)";
				SWIFT_OBJC_BRIDGING_HEADER = "DQX-Blacksmith/DQX-Blacksmith-Bridging-Header.h";
				SWIFT_OPTIMIZATION_LEVEL = "-Onone";
				SWIFT_VERSION = 5.0;
				TARGETED_DEVICE_FAMILY = 1;
			};
			name = Debug;
		};
		A4FFD6D92597553C00D138C0 /* Release */ = {
			isa = XCBuildConfiguration;
			baseConfigurationReference = 168744AB44959BF9AE1D3190 /* Pods-DQX-Blacksmith.release.xcconfig */;
			buildSettings = {
				ASSETCATALOG_COMPILER_APPICON_NAME = AppIcon;
				ASSETCATALOG_COMPILER_GLOBAL_ACCENT_COLOR_NAME = AccentColor;
				CLANG_ENABLE_MODULES = YES;
				CODE_SIGN_STYLE = Automatic;
				CURRENT_PROJECT_VERSION = 1.0.1;
				DEVELOPMENT_TEAM = Z36HZ8PUCD;
				INFOPLIST_FILE = "DQX-Blacksmith/Info.plist";
				IPHONEOS_DEPLOYMENT_TARGET = 13.5;
				LD_RUNPATH_SEARCH_PATHS = (
					"$(inherited)",
					"@executable_path/Frameworks",
				);
				PRODUCT_BUNDLE_IDENTIFIER = "jp.techacademy.msglover46.DQX-Blacksmith";
				PRODUCT_NAME = "$(TARGET_NAME)";
				SWIFT_OBJC_BRIDGING_HEADER = "DQX-Blacksmith/DQX-Blacksmith-Bridging-Header.h";
				SWIFT_VERSION = 5.0;
				TARGETED_DEVICE_FAMILY = 1;
			};
			name = Release;
		};
/* End XCBuildConfiguration section */

/* Begin XCConfigurationList section */
		A4FFD6BE2597553C00D138C0 /* Build configuration list for PBXProject "DQX-Blacksmith" */ = {
			isa = XCConfigurationList;
			buildConfigurations = (
				A4FFD6D52597553C00D138C0 /* Debug */,
				A4FFD6D62597553C00D138C0 /* Release */,
			);
			defaultConfigurationIsVisible = 0;
			defaultConfigurationName = Release;
		};
		A4FFD6D72597553C00D138C0 /* Build configuration list for PBXNativeTarget "DQX-Blacksmith" */ = {
			isa = XCConfigurationList;
			buildConfigurations = (
				A4FFD6D82597553C00D138C0 /* Debug */,
				A4FFD6D92597553C00D138C0 /* Release */,
			);
			defaultConfigurationIsVisible = 0;
			defaultConfigurationName = Release;
		};
/* End XCConfigurationList section */
	};
	rootObject = A4FFD6BB2597553C00D138C0 /* Project object */;
}
